// !$*UTF8*$!
{
	archiveVersion = 1;
	classes = {
	};
	objectVersion = 46;
	objects = {

/* Begin PBXBuildFile section */
		8C03F6C51E2CE6EA002A740B /* Assets.xcassets in Resources */ = {isa = PBXBuildFile; fileRef = 8C03F6C41E2CE6EA002A740B /* Assets.xcassets */; };
		8C03F6C81E2CE6EA002A740B /* LaunchScreen.storyboard in Resources */ = {isa = PBXBuildFile; fileRef = 8C03F6C61E2CE6EA002A740B /* LaunchScreen.storyboard */; };
		8C03F6D31E2CE6EA002A740B /* PG_NYTimesTests.swift in Sources */ = {isa = PBXBuildFile; fileRef = 8C03F6D21E2CE6EA002A740B /* PG_NYTimesTests.swift */; };
		8C03F6DE1E2CE6EA002A740B /* PG_NYTimesUITests.swift in Sources */ = {isa = PBXBuildFile; fileRef = 8C03F6DD1E2CE6EA002A740B /* PG_NYTimesUITests.swift */; };
		8C03F6FB1E2CF454002A740B /* AppDelegate.swift in Sources */ = {isa = PBXBuildFile; fileRef = 8C03F6EC1E2CF454002A740B /* AppDelegate.swift */; };
		8C03F6FC1E2CF454002A740B /* Main.storyboard in Resources */ = {isa = PBXBuildFile; fileRef = 8C03F6F21E2CF454002A740B /* Main.storyboard */; };
		8C03F6FD1E2CF454002A740B /* HomePageViewController.swift in Sources */ = {isa = PBXBuildFile; fileRef = 8C03F6F51E2CF454002A740B /* HomePageViewController.swift */; };
		8C03F6FF1E2CF4A0002A740B /* BaseViewController.swift in Sources */ = {isa = PBXBuildFile; fileRef = 8C03F6FE1E2CF4A0002A740B /* BaseViewController.swift */; };
		8C03F7031E2CF4F1002A740B /* Constants.swift in Sources */ = {isa = PBXBuildFile; fileRef = 8C03F7021E2CF4F1002A740B /* Constants.swift */; };
		8C03F7071E2CF55B002A740B /* BaseEntity.swift in Sources */ = {isa = PBXBuildFile; fileRef = 8C03F7061E2CF55B002A740B /* BaseEntity.swift */; };
		8C03F70B1E2CF5EA002A740B /* BaseCustomCollectionViewCell.swift in Sources */ = {isa = PBXBuildFile; fileRef = 8C03F70A1E2CF5EA002A740B /* BaseCustomCollectionViewCell.swift */; };
		8C0A73B31E3D19D300FE06D3 /* NewsArticleTests.swift in Sources */ = {isa = PBXBuildFile; fileRef = 8C0A73B21E3D19D300FE06D3 /* NewsArticleTests.swift */; };
		8C48E28A1E48DF1E0057EC3D /* HomePageManager.swift in Sources */ = {isa = PBXBuildFile; fileRef = 8C48E2891E48DF1E0057EC3D /* HomePageManager.swift */; };
		8C4E9D2F1E2F85ED0079FDBD /* HomePageCollectionViewCell.swift in Sources */ = {isa = PBXBuildFile; fileRef = 8C4E9D2E1E2F85ED0079FDBD /* HomePageCollectionViewCell.swift */; };
		8CDB374D1E3625DE00E15C84 /* NewsArticle.swift in Sources */ = {isa = PBXBuildFile; fileRef = 8CDB374C1E3625DE00E15C84 /* NewsArticle.swift */; };
		8CDB37541E36382700E15C84 /* BaseNetworkService.swift in Sources */ = {isa = PBXBuildFile; fileRef = 8CDB37531E36382700E15C84 /* BaseNetworkService.swift */; };
		8CDB37581E36392600E15C84 /* NewsArticleService.swift in Sources */ = {isa = PBXBuildFile; fileRef = 8CDB37571E36392600E15C84 /* NewsArticleService.swift */; };
		8CEAB1131E38DB8200C0411D /* HomePageViewControllerTests.swift in Sources */ = {isa = PBXBuildFile; fileRef = 8CEAB1121E38DB8200C0411D /* HomePageViewControllerTests.swift */; };
		8CEF16C11E48ED9500D2A7EA /* Enums.swift in Sources */ = {isa = PBXBuildFile; fileRef = 8CEF16C01E48ED9500D2A7EA /* Enums.swift */; };
/* End PBXBuildFile section */

/* Begin PBXContainerItemProxy section */
		8C03F6CF1E2CE6EA002A740B /* PBXContainerItemProxy */ = {
			isa = PBXContainerItemProxy;
			containerPortal = 8C03F6B21E2CE6E9002A740B /* Project object */;
			proxyType = 1;
			remoteGlobalIDString = 8C03F6B91E2CE6E9002A740B;
			remoteInfo = PG_NYTimes;
		};
		8C03F6DA1E2CE6EA002A740B /* PBXContainerItemProxy */ = {
			isa = PBXContainerItemProxy;
			containerPortal = 8C03F6B21E2CE6E9002A740B /* Project object */;
			proxyType = 1;
			remoteGlobalIDString = 8C03F6B91E2CE6E9002A740B;
			remoteInfo = PG_NYTimes;
		};
/* End PBXContainerItemProxy section */

/* Begin PBXFileReference section */
		8C03F6BA1E2CE6E9002A740B /* PG_NYTimes.app */ = {isa = PBXFileReference; explicitFileType = wrapper.application; includeInIndex = 0; path = PG_NYTimes.app; sourceTree = BUILT_PRODUCTS_DIR; };
		8C03F6C41E2CE6EA002A740B /* Assets.xcassets */ = {isa = PBXFileReference; lastKnownFileType = folder.assetcatalog; path = Assets.xcassets; sourceTree = "<group>"; };
		8C03F6C71E2CE6EA002A740B /* Base */ = {isa = PBXFileReference; lastKnownFileType = file.storyboard; name = Base; path = Base.lproj/LaunchScreen.storyboard; sourceTree = "<group>"; };
		8C03F6C91E2CE6EA002A740B /* Info.plist */ = {isa = PBXFileReference; lastKnownFileType = text.plist.xml; path = Info.plist; sourceTree = "<group>"; };
		8C03F6CE1E2CE6EA002A740B /* PG_NYTimesTests.xctest */ = {isa = PBXFileReference; explicitFileType = wrapper.cfbundle; includeInIndex = 0; path = PG_NYTimesTests.xctest; sourceTree = BUILT_PRODUCTS_DIR; };
		8C03F6D21E2CE6EA002A740B /* PG_NYTimesTests.swift */ = {isa = PBXFileReference; lastKnownFileType = sourcecode.swift; path = PG_NYTimesTests.swift; sourceTree = "<group>"; };
		8C03F6D41E2CE6EA002A740B /* Info.plist */ = {isa = PBXFileReference; lastKnownFileType = text.plist.xml; path = Info.plist; sourceTree = "<group>"; };
		8C03F6D91E2CE6EA002A740B /* PG_NYTimesUITests.xctest */ = {isa = PBXFileReference; explicitFileType = wrapper.cfbundle; includeInIndex = 0; path = PG_NYTimesUITests.xctest; sourceTree = BUILT_PRODUCTS_DIR; };
		8C03F6DD1E2CE6EA002A740B /* PG_NYTimesUITests.swift */ = {isa = PBXFileReference; lastKnownFileType = sourcecode.swift; path = PG_NYTimesUITests.swift; sourceTree = "<group>"; };
		8C03F6DF1E2CE6EA002A740B /* Info.plist */ = {isa = PBXFileReference; lastKnownFileType = text.plist.xml; path = Info.plist; sourceTree = "<group>"; };
		8C03F6EC1E2CF454002A740B /* AppDelegate.swift */ = {isa = PBXFileReference; fileEncoding = 4; lastKnownFileType = sourcecode.swift; path = AppDelegate.swift; sourceTree = "<group>"; };
		8C03F6F21E2CF454002A740B /* Main.storyboard */ = {isa = PBXFileReference; fileEncoding = 4; lastKnownFileType = file.storyboard; path = Main.storyboard; sourceTree = "<group>"; };
		8C03F6F51E2CF454002A740B /* HomePageViewController.swift */ = {isa = PBXFileReference; fileEncoding = 4; lastKnownFileType = sourcecode.swift; path = HomePageViewController.swift; sourceTree = "<group>"; };
		8C03F6FE1E2CF4A0002A740B /* BaseViewController.swift */ = {isa = PBXFileReference; fileEncoding = 4; lastKnownFileType = sourcecode.swift; path = BaseViewController.swift; sourceTree = "<group>"; };
		8C03F7021E2CF4F1002A740B /* Constants.swift */ = {isa = PBXFileReference; fileEncoding = 4; lastKnownFileType = sourcecode.swift; path = Constants.swift; sourceTree = "<group>"; };
		8C03F7061E2CF55B002A740B /* BaseEntity.swift */ = {isa = PBXFileReference; fileEncoding = 4; lastKnownFileType = sourcecode.swift; path = BaseEntity.swift; sourceTree = "<group>"; };
		8C03F70A1E2CF5EA002A740B /* BaseCustomCollectionViewCell.swift */ = {isa = PBXFileReference; fileEncoding = 4; lastKnownFileType = sourcecode.swift; path = BaseCustomCollectionViewCell.swift; sourceTree = "<group>"; };
		8C0A73B21E3D19D300FE06D3 /* NewsArticleTests.swift */ = {isa = PBXFileReference; fileEncoding = 4; lastKnownFileType = sourcecode.swift; path = NewsArticleTests.swift; sourceTree = "<group>"; };
		8C48E2891E48DF1E0057EC3D /* HomePageManager.swift */ = {isa = PBXFileReference; fileEncoding = 4; lastKnownFileType = sourcecode.swift; path = HomePageManager.swift; sourceTree = "<group>"; };
		8C4E9D2E1E2F85ED0079FDBD /* HomePageCollectionViewCell.swift */ = {isa = PBXFileReference; fileEncoding = 4; lastKnownFileType = sourcecode.swift; path = HomePageCollectionViewCell.swift; sourceTree = "<group>"; };
		8CDB374C1E3625DE00E15C84 /* NewsArticle.swift */ = {isa = PBXFileReference; fileEncoding = 4; lastKnownFileType = sourcecode.swift; path = NewsArticle.swift; sourceTree = "<group>"; };
		8CDB37531E36382700E15C84 /* BaseNetworkService.swift */ = {isa = PBXFileReference; fileEncoding = 4; lastKnownFileType = sourcecode.swift; path = BaseNetworkService.swift; sourceTree = "<group>"; };
		8CDB37571E36392600E15C84 /* NewsArticleService.swift */ = {isa = PBXFileReference; fileEncoding = 4; lastKnownFileType = sourcecode.swift; path = NewsArticleService.swift; sourceTree = "<group>"; };
		8CEAB1121E38DB8200C0411D /* HomePageViewControllerTests.swift */ = {isa = PBXFileReference; fileEncoding = 4; lastKnownFileType = sourcecode.swift; path = HomePageViewControllerTests.swift; sourceTree = "<group>"; };
		8CEF16C01E48ED9500D2A7EA /* Enums.swift */ = {isa = PBXFileReference; fileEncoding = 4; lastKnownFileType = sourcecode.swift; path = Enums.swift; sourceTree = "<group>"; };
/* End PBXFileReference section */

/* Begin PBXFrameworksBuildPhase section */
		8C03F6B71E2CE6E9002A740B /* Frameworks */ = {
			isa = PBXFrameworksBuildPhase;
			buildActionMask = 2147483647;
			files = (
			);
			runOnlyForDeploymentPostprocessing = 0;
		};
		8C03F6CB1E2CE6EA002A740B /* Frameworks */ = {
			isa = PBXFrameworksBuildPhase;
			buildActionMask = 2147483647;
			files = (
			);
			runOnlyForDeploymentPostprocessing = 0;
		};
		8C03F6D61E2CE6EA002A740B /* Frameworks */ = {
			isa = PBXFrameworksBuildPhase;
			buildActionMask = 2147483647;
			files = (
			);
			runOnlyForDeploymentPostprocessing = 0;
		};
/* End PBXFrameworksBuildPhase section */

/* Begin PBXGroup section */
		8C03F6B11E2CE6E9002A740B = {
			isa = PBXGroup;
			children = (
				8C03F6BC1E2CE6E9002A740B /* PG_NYTimes */,
				8C03F6D11E2CE6EA002A740B /* PG_NYTimesTests */,
				8C03F6DC1E2CE6EA002A740B /* PG_NYTimesUITests */,
				8C03F6BB1E2CE6E9002A740B /* Products */,
			);
			sourceTree = "<group>";
		};
		8C03F6BB1E2CE6E9002A740B /* Products */ = {
			isa = PBXGroup;
			children = (
				8C03F6BA1E2CE6E9002A740B /* PG_NYTimes.app */,
				8C03F6CE1E2CE6EA002A740B /* PG_NYTimesTests.xctest */,
				8C03F6D91E2CE6EA002A740B /* PG_NYTimesUITests.xctest */,
			);
			name = Products;
			sourceTree = "<group>";
		};
		8C03F6BC1E2CE6E9002A740B /* PG_NYTimes */ = {
			isa = PBXGroup;
			children = (
				8C03F6EB1E2CF454002A740B /* App Delegate */,
				8C03F6ED1E2CF454002A740B /* Constants */,
				8C03F6EE1E2CF454002A740B /* Enums */,
				8C03F70E1E2CF92C002A740B /* Logger */,
				8C48E2881E48DEF80057EC3D /* Manager */,
				8C03F6EF1E2CF454002A740B /* Models */,
				8CDB37511E36378400E15C84 /* Network */,
				8C03F6F11E2CF454002A740B /* Storyboards */,
				8C03F6F31E2CF454002A740B /* ViewControllers */,
				8C03F6F61E2CF454002A740B /* Views */,
				8C03F6C41E2CE6EA002A740B /* Assets.xcassets */,
				8C03F6C61E2CE6EA002A740B /* LaunchScreen.storyboard */,
				8C03F6C91E2CE6EA002A740B /* Info.plist */,
			);
			path = PG_NYTimes;
			sourceTree = "<group>";
		};
		8C03F6D11E2CE6EA002A740B /* PG_NYTimesTests */ = {
			isa = PBXGroup;
			children = (
				8C03F6D21E2CE6EA002A740B /* PG_NYTimesTests.swift */,
				8C03F6D41E2CE6EA002A740B /* Info.plist */,
				8CEAB1121E38DB8200C0411D /* HomePageViewControllerTests.swift */,
				8C0A73B21E3D19D300FE06D3 /* NewsArticleTests.swift */,
			);
			path = PG_NYTimesTests;
			sourceTree = "<group>";
		};
		8C03F6DC1E2CE6EA002A740B /* PG_NYTimesUITests */ = {
			isa = PBXGroup;
			children = (
				8C03F6DD1E2CE6EA002A740B /* PG_NYTimesUITests.swift */,
				8C03F6DF1E2CE6EA002A740B /* Info.plist */,
			);
			path = PG_NYTimesUITests;
			sourceTree = "<group>";
		};
		8C03F6EB1E2CF454002A740B /* App Delegate */ = {
			isa = PBXGroup;
			children = (
				8C03F6EC1E2CF454002A740B /* AppDelegate.swift */,
			);
			path = "App Delegate";
			sourceTree = "<group>";
		};
		8C03F6ED1E2CF454002A740B /* Constants */ = {
			isa = PBXGroup;
			children = (
				8C03F7021E2CF4F1002A740B /* Constants.swift */,
			);
			path = Constants;
			sourceTree = "<group>";
		};
		8C03F6EE1E2CF454002A740B /* Enums */ = {
			isa = PBXGroup;
			children = (
				8CEF16C01E48ED9500D2A7EA /* Enums.swift */,
			);
			path = Enums;
			sourceTree = "<group>";
		};
		8C03F6EF1E2CF454002A740B /* Models */ = {
			isa = PBXGroup;
			children = (
				8C03F6F01E2CF454002A740B /* Base */,
				8CDB374C1E3625DE00E15C84 /* NewsArticle.swift */,
			);
			path = Models;
			sourceTree = "<group>";
		};
		8C03F6F01E2CF454002A740B /* Base */ = {
			isa = PBXGroup;
			children = (
				8C03F7061E2CF55B002A740B /* BaseEntity.swift */,
			);
			path = Base;
			sourceTree = "<group>";
		};
		8C03F6F11E2CF454002A740B /* Storyboards */ = {
			isa = PBXGroup;
			children = (
				8C03F6F21E2CF454002A740B /* Main.storyboard */,
			);
			path = Storyboards;
			sourceTree = "<group>";
		};
		8C03F6F31E2CF454002A740B /* ViewControllers */ = {
			isa = PBXGroup;
			children = (
				8C03F6F41E2CF454002A740B /* Base */,
				8C03F6F51E2CF454002A740B /* HomePageViewController.swift */,
			);
			path = ViewControllers;
			sourceTree = "<group>";
		};
		8C03F6F41E2CF454002A740B /* Base */ = {
			isa = PBXGroup;
			children = (
				8C03F6FE1E2CF4A0002A740B /* BaseViewController.swift */,
			);
			path = Base;
			sourceTree = "<group>";
		};
		8C03F6F61E2CF454002A740B /* Views */ = {
			isa = PBXGroup;
			children = (
				8C03F6F71E2CF454002A740B /* Custom Cells */,
				8C03F6F91E2CF454002A740B /* Custom Views */,
			);
			path = Views;
			sourceTree = "<group>";
		};
		8C03F6F71E2CF454002A740B /* Custom Cells */ = {
			isa = PBXGroup;
			children = (
				8C03F6F81E2CF454002A740B /* Base */,
				8C4E9D2E1E2F85ED0079FDBD /* HomePageCollectionViewCell.swift */,
			);
			path = "Custom Cells";
			sourceTree = "<group>";
		};
		8C03F6F81E2CF454002A740B /* Base */ = {
			isa = PBXGroup;
			children = (
				8C03F70A1E2CF5EA002A740B /* BaseCustomCollectionViewCell.swift */,
			);
			path = Base;
			sourceTree = "<group>";
		};
		8C03F6F91E2CF454002A740B /* Custom Views */ = {
			isa = PBXGroup;
			children = (
				8C03F6FA1E2CF454002A740B /* Base */,
			);
			path = "Custom Views";
			sourceTree = "<group>";
		};
		8C03F6FA1E2CF454002A740B /* Base */ = {
			isa = PBXGroup;
			children = (
			);
			path = Base;
			sourceTree = "<group>";
		};
		8C03F70E1E2CF92C002A740B /* Logger */ = {
			isa = PBXGroup;
			children = (
			);
			path = Logger;
			sourceTree = "<group>";
		};
		8C48E2881E48DEF80057EC3D /* Manager */ = {
			isa = PBXGroup;
			children = (
				8C48E2891E48DF1E0057EC3D /* HomePageManager.swift */,
			);
			path = Manager;
			sourceTree = "<group>";
		};
		8CDB37511E36378400E15C84 /* Network */ = {
			isa = PBXGroup;
			children = (
				8CDB37521E36378400E15C84 /* Base */,
				8CDB37571E36392600E15C84 /* NewsArticleService.swift */,
			);
			path = Network;
			sourceTree = "<group>";
		};
		8CDB37521E36378400E15C84 /* Base */ = {
			isa = PBXGroup;
			children = (
				8CDB37531E36382700E15C84 /* BaseNetworkService.swift */,
			);
			path = Base;
			sourceTree = "<group>";
		};
/* End PBXGroup section */

/* Begin PBXNativeTarget section */
		8C03F6B91E2CE6E9002A740B /* PG_NYTimes */ = {
			isa = PBXNativeTarget;
			buildConfigurationList = 8C03F6E21E2CE6EA002A740B /* Build configuration list for PBXNativeTarget "PG_NYTimes" */;
			buildPhases = (
				8C03F6B61E2CE6E9002A740B /* Sources */,
				8C03F6B71E2CE6E9002A740B /* Frameworks */,
				8C03F6B81E2CE6E9002A740B /* Resources */,
			);
			buildRules = (
			);
			dependencies = (
			);
			name = PG_NYTimes;
			productName = PG_NYTimes;
			productReference = 8C03F6BA1E2CE6E9002A740B /* PG_NYTimes.app */;
			productType = "com.apple.product-type.application";
		};
		8C03F6CD1E2CE6EA002A740B /* PG_NYTimesTests */ = {
			isa = PBXNativeTarget;
			buildConfigurationList = 8C03F6E51E2CE6EA002A740B /* Build configuration list for PBXNativeTarget "PG_NYTimesTests" */;
			buildPhases = (
				8C03F6CA1E2CE6EA002A740B /* Sources */,
				8C03F6CB1E2CE6EA002A740B /* Frameworks */,
				8C03F6CC1E2CE6EA002A740B /* Resources */,
			);
			buildRules = (
			);
			dependencies = (
				8C03F6D01E2CE6EA002A740B /* PBXTargetDependency */,
			);
			name = PG_NYTimesTests;
			productName = PG_NYTimesTests;
			productReference = 8C03F6CE1E2CE6EA002A740B /* PG_NYTimesTests.xctest */;
			productType = "com.apple.product-type.bundle.unit-test";
		};
		8C03F6D81E2CE6EA002A740B /* PG_NYTimesUITests */ = {
			isa = PBXNativeTarget;
			buildConfigurationList = 8C03F6E81E2CE6EA002A740B /* Build configuration list for PBXNativeTarget "PG_NYTimesUITests" */;
			buildPhases = (
				8C03F6D51E2CE6EA002A740B /* Sources */,
				8C03F6D61E2CE6EA002A740B /* Frameworks */,
				8C03F6D71E2CE6EA002A740B /* Resources */,
			);
			buildRules = (
			);
			dependencies = (
				8C03F6DB1E2CE6EA002A740B /* PBXTargetDependency */,
			);
			name = PG_NYTimesUITests;
			productName = PG_NYTimesUITests;
			productReference = 8C03F6D91E2CE6EA002A740B /* PG_NYTimesUITests.xctest */;
			productType = "com.apple.product-type.bundle.ui-testing";
		};
/* End PBXNativeTarget section */

/* Begin PBXProject section */
		8C03F6B21E2CE6E9002A740B /* Project object */ = {
			isa = PBXProject;
			attributes = {
				LastSwiftUpdateCheck = 0820;
				LastUpgradeCheck = 0820;
				ORGANIZATIONNAME = SMRT;
				TargetAttributes = {
					8C03F6B91E2CE6E9002A740B = {
						CreatedOnToolsVersion = 8.2.1;
						ProvisioningStyle = Automatic;
					};
					8C03F6CD1E2CE6EA002A740B = {
						CreatedOnToolsVersion = 8.2.1;
						ProvisioningStyle = Automatic;
						TestTargetID = 8C03F6B91E2CE6E9002A740B;
					};
					8C03F6D81E2CE6EA002A740B = {
						CreatedOnToolsVersion = 8.2.1;
						ProvisioningStyle = Automatic;
						TestTargetID = 8C03F6B91E2CE6E9002A740B;
					};
				};
			};
			buildConfigurationList = 8C03F6B51E2CE6E9002A740B /* Build configuration list for PBXProject "PG_NYTimes" */;
			compatibilityVersion = "Xcode 3.2";
			developmentRegion = English;
			hasScannedForEncodings = 0;
			knownRegions = (
				en,
				Base,
			);
			mainGroup = 8C03F6B11E2CE6E9002A740B;
			productRefGroup = 8C03F6BB1E2CE6E9002A740B /* Products */;
			projectDirPath = "";
			projectRoot = "";
			targets = (
				8C03F6B91E2CE6E9002A740B /* PG_NYTimes */,
				8C03F6CD1E2CE6EA002A740B /* PG_NYTimesTests */,
				8C03F6D81E2CE6EA002A740B /* PG_NYTimesUITests */,
			);
		};
/* End PBXProject section */

/* Begin PBXResourcesBuildPhase section */
		8C03F6B81E2CE6E9002A740B /* Resources */ = {
			isa = PBXResourcesBuildPhase;
			buildActionMask = 2147483647;
			files = (
				8C03F6FC1E2CF454002A740B /* Main.storyboard in Resources */,
				8C03F6C81E2CE6EA002A740B /* LaunchScreen.storyboard in Resources */,
				8C03F6C51E2CE6EA002A740B /* Assets.xcassets in Resources */,
			);
			runOnlyForDeploymentPostprocessing = 0;
		};
		8C03F6CC1E2CE6EA002A740B /* Resources */ = {
			isa = PBXResourcesBuildPhase;
			buildActionMask = 2147483647;
			files = (
			);
			runOnlyForDeploymentPostprocessing = 0;
		};
		8C03F6D71E2CE6EA002A740B /* Resources */ = {
			isa = PBXResourcesBuildPhase;
			buildActionMask = 2147483647;
			files = (
			);
			runOnlyForDeploymentPostprocessing = 0;
		};
/* End PBXResourcesBuildPhase section */

/* Begin PBXSourcesBuildPhase section */
		8C03F6B61E2CE6E9002A740B /* Sources */ = {
			isa = PBXSourcesBuildPhase;
			buildActionMask = 2147483647;
			files = (
				8C03F6FD1E2CF454002A740B /* HomePageViewController.swift in Sources */,
				8C03F7071E2CF55B002A740B /* BaseEntity.swift in Sources */,
				8C4E9D2F1E2F85ED0079FDBD /* HomePageCollectionViewCell.swift in Sources */,
				8C03F6FB1E2CF454002A740B /* AppDelegate.swift in Sources */,
				8CDB374D1E3625DE00E15C84 /* NewsArticle.swift in Sources */,
				8C03F6FF1E2CF4A0002A740B /* BaseViewController.swift in Sources */,
				8CDB37541E36382700E15C84 /* BaseNetworkService.swift in Sources */,
				8C03F70B1E2CF5EA002A740B /* BaseCustomCollectionViewCell.swift in Sources */,
				8C03F7031E2CF4F1002A740B /* Constants.swift in Sources */,
				8CDB37581E36392600E15C84 /* NewsArticleService.swift in Sources */,
				8CEF16C11E48ED9500D2A7EA /* Enums.swift in Sources */,
				8C48E28A1E48DF1E0057EC3D /* HomePageManager.swift in Sources */,
			);
			runOnlyForDeploymentPostprocessing = 0;
		};
		8C03F6CA1E2CE6EA002A740B /* Sources */ = {
			isa = PBXSourcesBuildPhase;
			buildActionMask = 2147483647;
			files = (
				8CEAB1131E38DB8200C0411D /* HomePageViewControllerTests.swift in Sources */,
				8C03F6D31E2CE6EA002A740B /* PG_NYTimesTests.swift in Sources */,
				8C0A73B31E3D19D300FE06D3 /* NewsArticleTests.swift in Sources */,
			);
			runOnlyForDeploymentPostprocessing = 0;
		};
		8C03F6D51E2CE6EA002A740B /* Sources */ = {
			isa = PBXSourcesBuildPhase;
			buildActionMask = 2147483647;
			files = (
				8C03F6DE1E2CE6EA002A740B /* PG_NYTimesUITests.swift in Sources */,
			);
			runOnlyForDeploymentPostprocessing = 0;
		};
/* End PBXSourcesBuildPhase section */

/* Begin PBXTargetDependency section */
		8C03F6D01E2CE6EA002A740B /* PBXTargetDependency */ = {
			isa = PBXTargetDependency;
			target = 8C03F6B91E2CE6E9002A740B /* PG_NYTimes */;
			targetProxy = 8C03F6CF1E2CE6EA002A740B /* PBXContainerItemProxy */;
		};
		8C03F6DB1E2CE6EA002A740B /* PBXTargetDependency */ = {
			isa = PBXTargetDependency;
			target = 8C03F6B91E2CE6E9002A740B /* PG_NYTimes */;
			targetProxy = 8C03F6DA1E2CE6EA002A740B /* PBXContainerItemProxy */;
		};
/* End PBXTargetDependency section */

/* Begin PBXVariantGroup section */
		8C03F6C61E2CE6EA002A740B /* LaunchScreen.storyboard */ = {
			isa = PBXVariantGroup;
			children = (
				8C03F6C71E2CE6EA002A740B /* Base */,
			);
			name = LaunchScreen.storyboard;
			sourceTree = "<group>";
		};
/* End PBXVariantGroup section */

/* Begin XCBuildConfiguration section */
		8C03F6E01E2CE6EA002A740B /* Debug */ = {
			isa = XCBuildConfiguration;
			buildSettings = {
				ALWAYS_SEARCH_USER_PATHS = NO;
				CLANG_ANALYZER_NONNULL = YES;
				CLANG_CXX_LANGUAGE_STANDARD = "gnu++0x";
				CLANG_CXX_LIBRARY = "libc++";
				CLANG_ENABLE_MODULES = YES;
				CLANG_ENABLE_OBJC_ARC = YES;
				CLANG_WARN_BOOL_CONVERSION = YES;
				CLANG_WARN_CONSTANT_CONVERSION = YES;
				CLANG_WARN_DIRECT_OBJC_ISA_USAGE = YES_ERROR;
				CLANG_WARN_DOCUMENTATION_COMMENTS = YES;
				CLANG_WARN_EMPTY_BODY = YES;
				CLANG_WARN_ENUM_CONVERSION = YES;
				CLANG_WARN_INFINITE_RECURSION = YES;
				CLANG_WARN_INT_CONVERSION = YES;
				CLANG_WARN_OBJC_ROOT_CLASS = YES_ERROR;
				CLANG_WARN_SUSPICIOUS_MOVE = YES;
				CLANG_WARN_UNREACHABLE_CODE = YES;
				CLANG_WARN__DUPLICATE_METHOD_MATCH = YES;
				"CODE_SIGN_IDENTITY[sdk=iphoneos*]" = "iPhone Developer";
				COPY_PHASE_STRIP = NO;
				DEBUG_INFORMATION_FORMAT = dwarf;
				ENABLE_STRICT_OBJC_MSGSEND = YES;
				ENABLE_TESTABILITY = YES;
				GCC_C_LANGUAGE_STANDARD = gnu99;
				GCC_DYNAMIC_NO_PIC = NO;
				GCC_NO_COMMON_BLOCKS = YES;
				GCC_OPTIMIZATION_LEVEL = 0;
				GCC_PREPROCESSOR_DEFINITIONS = (
					"DEBUG=1",
					"$(inherited)",
				);
				GCC_WARN_64_TO_32_BIT_CONVERSION = YES;
				GCC_WARN_ABOUT_RETURN_TYPE = YES_ERROR;
				GCC_WARN_UNDECLARED_SELECTOR = YES;
				GCC_WARN_UNINITIALIZED_AUTOS = YES_AGGRESSIVE;
				GCC_WARN_UNUSED_FUNCTION = YES;
				GCC_WARN_UNUSED_VARIABLE = YES;
				IPHONEOS_DEPLOYMENT_TARGET = 10.2;
				MTL_ENABLE_DEBUG_INFO = YES;
				ONLY_ACTIVE_ARCH = YES;
				SDKROOT = iphoneos;
				SWIFT_ACTIVE_COMPILATION_CONDITIONS = DEBUG;
				SWIFT_OPTIMIZATION_LEVEL = "-Onone";
				TARGETED_DEVICE_FAMILY = "1,2";
			};
			name = Debug;
		};
		8C03F6E11E2CE6EA002A740B /* Release */ = {
			isa = XCBuildConfiguration;
			buildSettings = {
				ALWAYS_SEARCH_USER_PATHS = NO;
				CLANG_ANALYZER_NONNULL = YES;
				CLANG_CXX_LANGUAGE_STANDARD = "gnu++0x";
				CLANG_CXX_LIBRARY = "libc++";
				CLANG_ENABLE_MODULES = YES;
				CLANG_ENABLE_OBJC_ARC = YES;
				CLANG_WARN_BOOL_CONVERSION = YES;
				CLANG_WARN_CONSTANT_CONVERSION = YES;
				CLANG_WARN_DIRECT_OBJC_ISA_USAGE = YES_ERROR;
				CLANG_WARN_DOCUMENTATION_COMMENTS = YES;
				CLANG_WARN_EMPTY_BODY = YES;
				CLANG_WARN_ENUM_CONVERSION = YES;
				CLANG_WARN_INFINITE_RECURSION = YES;
				CLANG_WARN_INT_CONVERSION = YES;
				CLANG_WARN_OBJC_ROOT_CLASS = YES_ERROR;
				CLANG_WARN_SUSPICIOUS_MOVE = YES;
				CLANG_WARN_UNREACHABLE_CODE = YES;
				CLANG_WARN__DUPLICATE_METHOD_MATCH = YES;
				"CODE_SIGN_IDENTITY[sdk=iphoneos*]" = "iPhone Developer";
				COPY_PHASE_STRIP = NO;
				DEBUG_INFORMATION_FORMAT = "dwarf-with-dsym";
				ENABLE_NS_ASSERTIONS = NO;
				ENABLE_STRICT_OBJC_MSGSEND = YES;
				GCC_C_LANGUAGE_STANDARD = gnu99;
				GCC_NO_COMMON_BLOCKS = YES;
				GCC_WARN_64_TO_32_BIT_CONVERSION = YES;
				GCC_WARN_ABOUT_RETURN_TYPE = YES_ERROR;
				GCC_WARN_UNDECLARED_SELECTOR = YES;
				GCC_WARN_UNINITIALIZED_AUTOS = YES_AGGRESSIVE;
				GCC_WARN_UNUSED_FUNCTION = YES;
				GCC_WARN_UNUSED_VARIABLE = YES;
				IPHONEOS_DEPLOYMENT_TARGET = 10.2;
				MTL_ENABLE_DEBUG_INFO = NO;
				SDKROOT = iphoneos;
				SWIFT_OPTIMIZATION_LEVEL = "-Owholemodule";
				TARGETED_DEVICE_FAMILY = "1,2";
				VALIDATE_PRODUCT = YES;
			};
			name = Release;
		};
		8C03F6E31E2CE6EA002A740B /* Debug */ = {
			isa = XCBuildConfiguration;
			buildSettings = {
				ASSETCATALOG_COMPILER_APPICON_NAME = AppIcon;
				INFOPLIST_FILE = PG_NYTimes/Info.plist;
				IPHONEOS_DEPLOYMENT_TARGET = 9.0;
				LD_RUNPATH_SEARCH_PATHS = "$(inherited) @executable_path/Frameworks";
				PRODUCT_BUNDLE_IDENTIFIER = "com.footyapps27.PG-NYTimes";
				PRODUCT_NAME = "$(TARGET_NAME)";
				SWIFT_VERSION = 3.0;
			};
			name = Debug;
		};
		8C03F6E41E2CE6EA002A740B /* Release */ = {
			isa = XCBuildConfiguration;
			buildSettings = {
				ASSETCATALOG_COMPILER_APPICON_NAME = AppIcon;
				INFOPLIST_FILE = PG_NYTimes/Info.plist;
				IPHONEOS_DEPLOYMENT_TARGET = 9.0;
				LD_RUNPATH_SEARCH_PATHS = "$(inherited) @executable_path/Frameworks";
				PRODUCT_BUNDLE_IDENTIFIER = "com.footyapps27.PG-NYTimes";
				PRODUCT_NAME = "$(TARGET_NAME)";
				SWIFT_VERSION = 3.0;
			};
			name = Release;
		};
		8C03F6E61E2CE6EA002A740B /* Debug */ = {
			isa = XCBuildConfiguration;
			buildSettings = {
				ALWAYS_EMBED_SWIFT_STANDARD_LIBRARIES = YES;
				BUNDLE_LOADER = "$(TEST_HOST)";
				INFOPLIST_FILE = PG_NYTimesTests/Info.plist;
				LD_RUNPATH_SEARCH_PATHS = "$(inherited) @executable_path/Frameworks @loader_path/Frameworks";
				PRODUCT_BUNDLE_IDENTIFIER = "com.footyapps27.PG-NYTimesTests";
				PRODUCT_NAME = "$(TARGET_NAME)";
				SWIFT_VERSION = 3.0;
				TEST_HOST = "$(BUILT_PRODUCTS_DIR)/PG_NYTimes.app/PG_NYTimes";
			};
			name = Debug;
		};
		8C03F6E71E2CE6EA002A740B /* Release */ = {
			isa = XCBuildConfiguration;
			buildSettings = {
				ALWAYS_EMBED_SWIFT_STANDARD_LIBRARIES = YES;
				BUNDLE_LOADER = "$(TEST_HOST)";
				INFOPLIST_FILE = PG_NYTimesTests/Info.plist;
				LD_RUNPATH_SEARCH_PATHS = "$(inherited) @executable_path/Frameworks @loader_path/Frameworks";
				PRODUCT_BUNDLE_IDENTIFIER = "com.footyapps27.PG-NYTimesTests";
				PRODUCT_NAME = "$(TARGET_NAME)";
				SWIFT_VERSION = 3.0;
				TEST_HOST = "$(BUILT_PRODUCTS_DIR)/PG_NYTimes.app/PG_NYTimes";
			};
			name = Release;
		};
		8C03F6E91E2CE6EA002A740B /* Debug */ = {
			isa = XCBuildConfiguration;
			buildSettings = {
				ALWAYS_EMBED_SWIFT_STANDARD_LIBRARIES = YES;
				INFOPLIST_FILE = PG_NYTimesUITests/Info.plist;
				LD_RUNPATH_SEARCH_PATHS = "$(inherited) @executable_path/Frameworks @loader_path/Frameworks";
				PRODUCT_BUNDLE_IDENTIFIER = "com.footyapps27.PG-NYTimesUITests";
				PRODUCT_NAME = "$(TARGET_NAME)";
				SWIFT_VERSION = 3.0;
				TEST_TARGET_NAME = PG_NYTimes;
			};
			name = Debug;
		};
		8C03F6EA1E2CE6EA002A740B /* Release */ = {
			isa = XCBuildConfiguration;
			buildSettings = {
				ALWAYS_EMBED_SWIFT_STANDARD_LIBRARIES = YES;
				INFOPLIST_FILE = PG_NYTimesUITests/Info.plist;
				LD_RUNPATH_SEARCH_PATHS = "$(inherited) @executable_path/Frameworks @loader_path/Frameworks";
				PRODUCT_BUNDLE_IDENTIFIER = "com.footyapps27.PG-NYTimesUITests";
				PRODUCT_NAME = "$(TARGET_NAME)";
				SWIFT_VERSION = 3.0;
				TEST_TARGET_NAME = PG_NYTimes;
			};
			name = Release;
		};
/* End XCBuildConfiguration section */

/* Begin XCConfigurationList section */
		8C03F6B51E2CE6E9002A740B /* Build configuration list for PBXProject "PG_NYTimes" */ = {
			isa = XCConfigurationList;
			buildConfigurations = (
				8C03F6E01E2CE6EA002A740B /* Debug */,
				8C03F6E11E2CE6EA002A740B /* Release */,
			);
			defaultConfigurationIsVisible = 0;
			defaultConfigurationName = Release;
		};
		8C03F6E21E2CE6EA002A740B /* Build configuration list for PBXNativeTarget "PG_NYTimes" */ = {
			isa = XCConfigurationList;
			buildConfigurations = (
				8C03F6E31E2CE6EA002A740B /* Debug */,
				8C03F6E41E2CE6EA002A740B /* Release */,
			);
			defaultConfigurationIsVisible = 0;
			defaultConfigurationName = Release;
		};
		8C03F6E51E2CE6EA002A740B /* Build configuration list for PBXNativeTarget "PG_NYTimesTests" */ = {
			isa = XCConfigurationList;
			buildConfigurations = (
				8C03F6E61E2CE6EA002A740B /* Debug */,
				8C03F6E71E2CE6EA002A740B /* Release */,
			);
			defaultConfigurationIsVisible = 0;
			defaultConfigurationName = Release;
		};
		8C03F6E81E2CE6EA002A740B /* Build configuration list for PBXNativeTarget "PG_NYTimesUITests" */ = {
			isa = XCConfigurationList;
			buildConfigurations = (
				8C03F6E91E2CE6EA002A740B /* Debug */,
				8C03F6EA1E2CE6EA002A740B /* Release */,
			);
			defaultConfigurationIsVisible = 0;
			defaultConfigurationName = Release;
		};
/* End XCConfigurationList section */
	};
	rootObject = 8C03F6B21E2CE6E9002A740B /* Project object */;
}
